// !$*UTF8*$!
{
	archiveVersion = 1;
	classes = {
	};
	objectVersion = 50;
	objects = {

/* Begin PBXBuildFile section */
		8603586E21AD59A100E3BD78 /* AppDelegate.swift in Sources */ = {isa = PBXBuildFile; fileRef = 8603586D21AD59A100E3BD78 /* AppDelegate.swift */; };
		8603587021AD59A100E3BD78 /* ViewController.swift in Sources */ = {isa = PBXBuildFile; fileRef = 8603586F21AD59A100E3BD78 /* ViewController.swift */; };
		8603587321AD59A100E3BD78 /* Main.storyboard in Resources */ = {isa = PBXBuildFile; fileRef = 8603587121AD59A100E3BD78 /* Main.storyboard */; };
		8603587621AD59A100E3BD78 /* GITHubSearch.xcdatamodeld in Sources */ = {isa = PBXBuildFile; fileRef = 8603587421AD59A100E3BD78 /* GITHubSearch.xcdatamodeld */; };
		8603587821AD59A200E3BD78 /* Assets.xcassets in Resources */ = {isa = PBXBuildFile; fileRef = 8603587721AD59A200E3BD78 /* Assets.xcassets */; };
		8603587B21AD59A200E3BD78 /* LaunchScreen.storyboard in Resources */ = {isa = PBXBuildFile; fileRef = 8603587921AD59A200E3BD78 /* LaunchScreen.storyboard */; };
		8603588621AD59A200E3BD78 /* GITHubSearchTests.swift in Sources */ = {isa = PBXBuildFile; fileRef = 8603588521AD59A200E3BD78 /* GITHubSearchTests.swift */; };
		8603589121AD59A200E3BD78 /* GITHubSearchUITests.swift in Sources */ = {isa = PBXBuildFile; fileRef = 8603589021AD59A200E3BD78 /* GITHubSearchUITests.swift */; };
/* End PBXBuildFile section */

/* Begin PBXContainerItemProxy section */
		8603588221AD59A200E3BD78 /* PBXContainerItemProxy */ = {
			isa = PBXContainerItemProxy;
			containerPortal = 8603586221AD59A100E3BD78 /* Project object */;
			proxyType = 1;
			remoteGlobalIDString = 8603586921AD59A100E3BD78;
			remoteInfo = GITHubSearch;
		};
		8603588D21AD59A200E3BD78 /* PBXContainerItemProxy */ = {
			isa = PBXContainerItemProxy;
			containerPortal = 8603586221AD59A100E3BD78 /* Project object */;
			proxyType = 1;
			remoteGlobalIDString = 8603586921AD59A100E3BD78;
			remoteInfo = GITHubSearch;
		};
/* End PBXContainerItemProxy section */

/* Begin PBXFileReference section */
		8603586A21AD59A100E3BD78 /* GITHubSearch.app */ = {isa = PBXFileReference; explicitFileType = wrapper.application; includeInIndex = 0; path = GITHubSearch.app; sourceTree = BUILT_PRODUCTS_DIR; };
		8603586D21AD59A100E3BD78 /* AppDelegate.swift */ = {isa = PBXFileReference; lastKnownFileType = sourcecode.swift; path = AppDelegate.swift; sourceTree = "<group>"; };
		8603586F21AD59A100E3BD78 /* ViewController.swift */ = {isa = PBXFileReference; lastKnownFileType = sourcecode.swift; path = ViewController.swift; sourceTree = "<group>"; };
		8603587221AD59A100E3BD78 /* Base */ = {isa = PBXFileReference; lastKnownFileType = file.storyboard; name = Base; path = Base.lproj/Main.storyboard; sourceTree = "<group>"; };
		8603587521AD59A100E3BD78 /* GITHubSearch.xcdatamodel */ = {isa = PBXFileReference; lastKnownFileType = wrapper.xcdatamodel; path = GITHubSearch.xcdatamodel; sourceTree = "<group>"; };
		8603587721AD59A200E3BD78 /* Assets.xcassets */ = {isa = PBXFileReference; lastKnownFileType = folder.assetcatalog; path = Assets.xcassets; sourceTree = "<group>"; };
		8603587A21AD59A200E3BD78 /* Base */ = {isa = PBXFileReference; lastKnownFileType = file.storyboard; name = Base; path = Base.lproj/LaunchScreen.storyboard; sourceTree = "<group>"; };
		8603587C21AD59A200E3BD78 /* Info.plist */ = {isa = PBXFileReference; lastKnownFileType = text.plist.xml; path = Info.plist; sourceTree = "<group>"; };
		8603588121AD59A200E3BD78 /* GITHubSearchTests.xctest */ = {isa = PBXFileReference; explicitFileType = wrapper.cfbundle; includeInIndex = 0; path = GITHubSearchTests.xctest; sourceTree = BUILT_PRODUCTS_DIR; };
		8603588521AD59A200E3BD78 /* GITHubSearchTests.swift */ = {isa = PBXFileReference; lastKnownFileType = sourcecode.swift; path = GITHubSearchTests.swift; sourceTree = "<group>"; };
		8603588721AD59A200E3BD78 /* Info.plist */ = {isa = PBXFileReference; lastKnownFileType = text.plist.xml; path = Info.plist; sourceTree = "<group>"; };
		8603588C21AD59A200E3BD78 /* GITHubSearchUITests.xctest */ = {isa = PBXFileReference; explicitFileType = wrapper.cfbundle; includeInIndex = 0; path = GITHubSearchUITests.xctest; sourceTree = BUILT_PRODUCTS_DIR; };
		8603589021AD59A200E3BD78 /* GITHubSearchUITests.swift */ = {isa = PBXFileReference; lastKnownFileType = sourcecode.swift; path = GITHubSearchUITests.swift; sourceTree = "<group>"; };
		8603589221AD59A200E3BD78 /* Info.plist */ = {isa = PBXFileReference; lastKnownFileType = text.plist.xml; path = Info.plist; sourceTree = "<group>"; };
/* End PBXFileReference section */

/* Begin PBXFrameworksBuildPhase section */
		8603586721AD59A100E3BD78 /* Frameworks */ = {
			isa = PBXFrameworksBuildPhase;
			buildActionMask = 2147483647;
			files = (
			);
			runOnlyForDeploymentPostprocessing = 0;
		};
		8603587E21AD59A200E3BD78 /* Frameworks */ = {
			isa = PBXFrameworksBuildPhase;
			buildActionMask = 2147483647;
			files = (
			);
			runOnlyForDeploymentPostprocessing = 0;
		};
		8603588921AD59A200E3BD78 /* Frameworks */ = {
			isa = PBXFrameworksBuildPhase;
			buildActionMask = 2147483647;
			files = (
			);
			runOnlyForDeploymentPostprocessing = 0;
		};
/* End PBXFrameworksBuildPhase section */

/* Begin PBXGroup section */
		8603586121AD59A100E3BD78 = {
			isa = PBXGroup;
			children = (
				8603586C21AD59A100E3BD78 /* GITHubSearch */,
				8603588421AD59A200E3BD78 /* GITHubSearchTests */,
				8603588F21AD59A200E3BD78 /* GITHubSearchUITests */,
				8603586B21AD59A100E3BD78 /* Products */,
			);
			sourceTree = "<group>";
		};
		8603586B21AD59A100E3BD78 /* Products */ = {
			isa = PBXGroup;
			children = (
				8603586A21AD59A100E3BD78 /* GITHubSearch.app */,
				8603588121AD59A200E3BD78 /* GITHubSearchTests.xctest */,
				8603588C21AD59A200E3BD78 /* GITHubSearchUITests.xctest */,
			);
			name = Products;
			sourceTree = "<group>";
		};
		8603586C21AD59A100E3BD78 /* GITHubSearch */ = {
			isa = PBXGroup;
			children = (
				8603586D21AD59A100E3BD78 /* AppDelegate.swift */,
				8603586F21AD59A100E3BD78 /* ViewController.swift */,
				8603587121AD59A100E3BD78 /* Main.storyboard */,
				8603587721AD59A200E3BD78 /* Assets.xcassets */,
				8603587921AD59A200E3BD78 /* LaunchScreen.storyboard */,
				8603587C21AD59A200E3BD78 /* Info.plist */,
				8603587421AD59A100E3BD78 /* GITHubSearch.xcdatamodeld */,
			);
			path = GITHubSearch;
			sourceTree = "<group>";
		};
		8603588421AD59A200E3BD78 /* GITHubSearchTests */ = {
			isa = PBXGroup;
			children = (
				8603588521AD59A200E3BD78 /* GITHubSearchTests.swift */,
				8603588721AD59A200E3BD78 /* Info.plist */,
			);
			path = GITHubSearchTests;
			sourceTree = "<group>";
		};
		8603588F21AD59A200E3BD78 /* GITHubSearchUITests */ = {
			isa = PBXGroup;
			children = (
				8603589021AD59A200E3BD78 /* GITHubSearchUITests.swift */,
				8603589221AD59A200E3BD78 /* Info.plist */,
			);
			path = GITHubSearchUITests;
			sourceTree = "<group>";
		};
/* End PBXGroup section */

/* Begin PBXNativeTarget section */
		8603586921AD59A100E3BD78 /* GITHubSearch */ = {
			isa = PBXNativeTarget;
			buildConfigurationList = 8603589521AD59A200E3BD78 /* Build configuration list for PBXNativeTarget "GITHubSearch" */;
			buildPhases = (
				8603586621AD59A100E3BD78 /* Sources */,
				8603586721AD59A100E3BD78 /* Frameworks */,
				8603586821AD59A100E3BD78 /* Resources */,
			);
			buildRules = (
			);
			dependencies = (
			);
			name = GITHubSearch;
			productName = GITHubSearch;
			productReference = 8603586A21AD59A100E3BD78 /* GITHubSearch.app */;
			productType = "com.apple.product-type.application";
		};
		8603588021AD59A200E3BD78 /* GITHubSearchTests */ = {
			isa = PBXNativeTarget;
			buildConfigurationList = 8603589821AD59A200E3BD78 /* Build configuration list for PBXNativeTarget "GITHubSearchTests" */;
			buildPhases = (
				8603587D21AD59A200E3BD78 /* Sources */,
				8603587E21AD59A200E3BD78 /* Frameworks */,
				8603587F21AD59A200E3BD78 /* Resources */,
			);
			buildRules = (
			);
			dependencies = (
				8603588321AD59A200E3BD78 /* PBXTargetDependency */,
			);
			name = GITHubSearchTests;
			productName = GITHubSearchTests;
			productReference = 8603588121AD59A200E3BD78 /* GITHubSearchTests.xctest */;
			productType = "com.apple.product-type.bundle.unit-test";
		};
		8603588B21AD59A200E3BD78 /* GITHubSearchUITests */ = {
			isa = PBXNativeTarget;
			buildConfigurationList = 8603589B21AD59A200E3BD78 /* Build configuration list for PBXNativeTarget "GITHubSearchUITests" */;
			buildPhases = (
				8603588821AD59A200E3BD78 /* Sources */,
				8603588921AD59A200E3BD78 /* Frameworks */,
				8603588A21AD59A200E3BD78 /* Resources */,
			);
			buildRules = (
			);
			dependencies = (
				8603588E21AD59A200E3BD78 /* PBXTargetDependency */,
			);
			name = GITHubSearchUITests;
			productName = GITHubSearchUITests;
			productReference = 8603588C21AD59A200E3BD78 /* GITHubSearchUITests.xctest */;
			productType = "com.apple.product-type.bundle.ui-testing";
		};
/* End PBXNativeTarget section */

/* Begin PBXProject section */
		8603586221AD59A100E3BD78 /* Project object */ = {
			isa = PBXProject;
			attributes = {
				LastSwiftUpdateCheck = 1010;
				LastUpgradeCheck = 1010;
				ORGANIZATIONNAME = "Muhammad Usman Zia ";
				TargetAttributes = {
					8603586921AD59A100E3BD78 = {
						CreatedOnToolsVersion = 10.1;
					};
					8603588021AD59A200E3BD78 = {
						CreatedOnToolsVersion = 10.1;
						TestTargetID = 8603586921AD59A100E3BD78;
					};
					8603588B21AD59A200E3BD78 = {
						CreatedOnToolsVersion = 10.1;
						TestTargetID = 8603586921AD59A100E3BD78;
					};
				};
			};
			buildConfigurationList = 8603586521AD59A100E3BD78 /* Build configuration list for PBXProject "GITHubSearch" */;
			compatibilityVersion = "Xcode 9.3";
			developmentRegion = en;
			hasScannedForEncodings = 0;
			knownRegions = (
				en,
				Base,
			);
			mainGroup = 8603586121AD59A100E3BD78;
			productRefGroup = 8603586B21AD59A100E3BD78 /* Products */;
			projectDirPath = "";
			projectRoot = "";
			targets = (
				8603586921AD59A100E3BD78 /* GITHubSearch */,
				8603588021AD59A200E3BD78 /* GITHubSearchTests */,
				8603588B21AD59A200E3BD78 /* GITHubSearchUITests */,
			);
		};
/* End PBXProject section */

/* Begin PBXResourcesBuildPhase section */
		8603586821AD59A100E3BD78 /* Resources */ = {
			isa = PBXResourcesBuildPhase;
			buildActionMask = 2147483647;
			files = (
				8603587B21AD59A200E3BD78 /* LaunchScreen.storyboard in Resources */,
				8603587821AD59A200E3BD78 /* Assets.xcassets in Resources */,
				8603587321AD59A100E3BD78 /* Main.storyboard in Resources */,
			);
			runOnlyForDeploymentPostprocessing = 0;
		};
		8603587F21AD59A200E3BD78 /* Resources */ = {
			isa = PBXResourcesBuildPhase;
			buildActionMask = 2147483647;
			files = (
			);
			runOnlyForDeploymentPostprocessing = 0;
		};
		8603588A21AD59A200E3BD78 /* Resources */ = {
			isa = PBXResourcesBuildPhase;
			buildActionMask = 2147483647;
			files = (
			);
			runOnlyForDeploymentPostprocessing = 0;
		};
/* End PBXResourcesBuildPhase section */

/* Begin PBXSourcesBuildPhase section */
		8603586621AD59A100E3BD78 /* Sources */ = {
			isa = PBXSourcesBuildPhase;
			buildActionMask = 2147483647;
			files = (
				8603587021AD59A100E3BD78 /* ViewController.swift in Sources */,
				8603587621AD59A100E3BD78 /* GITHubSearch.xcdatamodeld in Sources */,
				8603586E21AD59A100E3BD78 /* AppDelegate.swift in Sources */,
			);
			runOnlyForDeploymentPostprocessing = 0;
		};
		8603587D21AD59A200E3BD78 /* Sources */ = {
			isa = PBXSourcesBuildPhase;
			buildActionMask = 2147483647;
			files = (
				8603588621AD59A200E3BD78 /* GITHubSearchTests.swift in Sources */,
			);
			runOnlyForDeploymentPostprocessing = 0;
		};
		8603588821AD59A200E3BD78 /* Sources */ = {
			isa = PBXSourcesBuildPhase;
			buildActionMask = 2147483647;
			files = (
				8603589121AD59A200E3BD78 /* GITHubSearchUITests.swift in Sources */,
			);
			runOnlyForDeploymentPostprocessing = 0;
		};
/* End PBXSourcesBuildPhase section */

/* Begin PBXTargetDependency section */
		8603588321AD59A200E3BD78 /* PBXTargetDependency */ = {
			isa = PBXTargetDependency;
			target = 8603586921AD59A100E3BD78 /* GITHubSearch */;
			targetProxy = 8603588221AD59A200E3BD78 /* PBXContainerItemProxy */;
		};
		8603588E21AD59A200E3BD78 /* PBXTargetDependency */ = {
			isa = PBXTargetDependency;
			target = 8603586921AD59A100E3BD78 /* GITHubSearch */;
			targetProxy = 8603588D21AD59A200E3BD78 /* PBXContainerItemProxy */;
		};
/* End PBXTargetDependency section */

/* Begin PBXVariantGroup section */
		8603587121AD59A100E3BD78 /* Main.storyboard */ = {
			isa = PBXVariantGroup;
			children = (
				8603587221AD59A100E3BD78 /* Base */,
			);
			name = Main.storyboard;
			sourceTree = "<group>";
		};
		8603587921AD59A200E3BD78 /* LaunchScreen.storyboard */ = {
			isa = PBXVariantGroup;
			children = (
				8603587A21AD59A200E3BD78 /* Base */,
			);
			name = LaunchScreen.storyboard;
			sourceTree = "<group>";
		};
/* End PBXVariantGroup section */

/* Begin XCBuildConfiguration section */
		8603589321AD59A200E3BD78 /* Debug */ = {
			isa = XCBuildConfiguration;
			buildSettings = {
				ALWAYS_SEARCH_USER_PATHS = NO;
				CLANG_ANALYZER_NONNULL = YES;
				CLANG_ANALYZER_NUMBER_OBJECT_CONVERSION = YES_AGGRESSIVE;
				CLANG_CXX_LANGUAGE_STANDARD = "gnu++14";
				CLANG_CXX_LIBRARY = "libc++";
				CLANG_ENABLE_MODULES = YES;
				CLANG_ENABLE_OBJC_ARC = YES;
				CLANG_ENABLE_OBJC_WEAK = YES;
				CLANG_WARN_BLOCK_CAPTURE_AUTORELEASING = YES;
				CLANG_WARN_BOOL_CONVERSION = YES;
				CLANG_WARN_COMMA = YES;
				CLANG_WARN_CONSTANT_CONVERSION = YES;
				CLANG_WARN_DEPRECATED_OBJC_IMPLEMENTATIONS = YES;
				CLANG_WARN_DIRECT_OBJC_ISA_USAGE = YES_ERROR;
				CLANG_WARN_DOCUMENTATION_COMMENTS = YES;
				CLANG_WARN_EMPTY_BODY = YES;
				CLANG_WARN_ENUM_CONVERSION = YES;
				CLANG_WARN_INFINITE_RECURSION = YES;
				CLANG_WARN_INT_CONVERSION = YES;
				CLANG_WARN_NON_LITERAL_NULL_CONVERSION = YES;
				CLANG_WARN_OBJC_IMPLICIT_RETAIN_SELF = YES;
				CLANG_WARN_OBJC_LITERAL_CONVERSION = YES;
				CLANG_WARN_OBJC_ROOT_CLASS = YES_ERROR;
				CLANG_WARN_RANGE_LOOP_ANALYSIS = YES;
				CLANG_WARN_STRICT_PROTOTYPES = YES;
				CLANG_WARN_SUSPICIOUS_MOVE = YES;
				CLANG_WARN_UNGUARDED_AVAILABILITY = YES_AGGRESSIVE;
				CLANG_WARN_UNREACHABLE_CODE = YES;
				CLANG_WARN__DUPLICATE_METHOD_MATCH = YES;
				CODE_SIGN_IDENTITY = "iPhone Developer";
				COPY_PHASE_STRIP = NO;
				DEBUG_INFORMATION_FORMAT = dwarf;
				ENABLE_STRICT_OBJC_MSGSEND = YES;
				ENABLE_TESTABILITY = YES;
				GCC_C_LANGUAGE_STANDARD = gnu11;
				GCC_DYNAMIC_NO_PIC = NO;
				GCC_NO_COMMON_BLOCKS = YES;
				GCC_OPTIMIZATION_LEVEL = 0;
				GCC_PREPROCESSOR_DEFINITIONS = (
					"DEBUG=1",
					"$(inherited)",
				);
				GCC_WARN_64_TO_32_BIT_CONVERSION = YES;
				GCC_WARN_ABOUT_RETURN_TYPE = YES_ERROR;
				GCC_WARN_UNDECLARED_SELECTOR = YES;
				GCC_WARN_UNINITIALIZED_AUTOS = YES_AGGRESSIVE;
				GCC_WARN_UNUSED_FUNCTION = YES;
				GCC_WARN_UNUSED_VARIABLE = YES;
				IPHONEOS_DEPLOYMENT_TARGET = 12.1;
				MTL_ENABLE_DEBUG_INFO = INCLUDE_SOURCE;
				MTL_FAST_MATH = YES;
				ONLY_ACTIVE_ARCH = YES;
				SDKROOT = iphoneos;
				SWIFT_ACTIVE_COMPILATION_CONDITIONS = DEBUG;
				SWIFT_OPTIMIZATION_LEVEL = "-Onone";
			};
			name = Debug;
		};
		8603589421AD59A200E3BD78 /* Release */ = {
			isa = XCBuildConfiguration;
			buildSettings = {
				ALWAYS_SEARCH_USER_PATHS = NO;
				CLANG_ANALYZER_NONNULL = YES;
				CLANG_ANALYZER_NUMBER_OBJECT_CONVERSION = YES_AGGRESSIVE;
				CLANG_CXX_LANGUAGE_STANDARD = "gnu++14";
				CLANG_CXX_LIBRARY = "libc++";
				CLANG_ENABLE_MODULES = YES;
				CLANG_ENABLE_OBJC_ARC = YES;
				CLANG_ENABLE_OBJC_WEAK = YES;
				CLANG_WARN_BLOCK_CAPTURE_AUTORELEASING = YES;
				CLANG_WARN_BOOL_CONVERSION = YES;
				CLANG_WARN_COMMA = YES;
				CLANG_WARN_CONSTANT_CONVERSION = YES;
				CLANG_WARN_DEPRECATED_OBJC_IMPLEMENTATIONS = YES;
				CLANG_WARN_DIRECT_OBJC_ISA_USAGE = YES_ERROR;
				CLANG_WARN_DOCUMENTATION_COMMENTS = YES;
				CLANG_WARN_EMPTY_BODY = YES;
				CLANG_WARN_ENUM_CONVERSION = YES;
				CLANG_WARN_INFINITE_RECURSION = YES;
				CLANG_WARN_INT_CONVERSION = YES;
				CLANG_WARN_NON_LITERAL_NULL_CONVERSION = YES;
				CLANG_WARN_OBJC_IMPLICIT_RETAIN_SELF = YES;
				CLANG_WARN_OBJC_LITERAL_CONVERSION = YES;
				CLANG_WARN_OBJC_ROOT_CLASS = YES_ERROR;
				CLANG_WARN_RANGE_LOOP_ANALYSIS = YES;
				CLANG_WARN_STRICT_PROTOTYPES = YES;
				CLANG_WARN_SUSPICIOUS_MOVE = YES;
				CLANG_WARN_UNGUARDED_AVAILABILITY = YES_AGGRESSIVE;
				CLANG_WARN_UNREACHABLE_CODE = YES;
				CLANG_WARN__DUPLICATE_METHOD_MATCH = YES;
				CODE_SIGN_IDENTITY = "iPhone Developer";
				COPY_PHASE_STRIP = NO;
				DEBUG_INFORMATION_FORMAT = "dwarf-with-dsym";
				ENABLE_NS_ASSERTIONS = NO;
				ENABLE_STRICT_OBJC_MSGSEND = YES;
				GCC_C_LANGUAGE_STANDARD = gnu11;
				GCC_NO_COMMON_BLOCKS = YES;
				GCC_WARN_64_TO_32_BIT_CONVERSION = YES;
				GCC_WARN_ABOUT_RETURN_TYPE = YES_ERROR;
				GCC_WARN_UNDECLARED_SELECTOR = YES;
				GCC_WARN_UNINITIALIZED_AUTOS = YES_AGGRESSIVE;
				GCC_WARN_UNUSED_FUNCTION = YES;
				GCC_WARN_UNUSED_VARIABLE = YES;
				IPHONEOS_DEPLOYMENT_TARGET = 12.1;
				MTL_ENABLE_DEBUG_INFO = NO;
				MTL_FAST_MATH = YES;
				SDKROOT = iphoneos;
				SWIFT_COMPILATION_MODE = wholemodule;
				SWIFT_OPTIMIZATION_LEVEL = "-O";
				VALIDATE_PRODUCT = YES;
			};
			name = Release;
		};
		8603589621AD59A200E3BD78 /* Debug */ = {
			isa = XCBuildConfiguration;
			buildSettings = {
				ASSETCATALOG_COMPILER_APPICON_NAME = AppIcon;
				CODE_SIGN_STYLE = Automatic;
				DEVELOPMENT_TEAM = F3UAJ84B63;
				INFOPLIST_FILE = GITHubSearch/Info.plist;
				LD_RUNPATH_SEARCH_PATHS = (
					"$(inherited)",
					"@executable_path/Frameworks",
				);
				PRODUCT_BUNDLE_IDENTIFIER = com.Usman.GITHubSearch;
				PRODUCT_NAME = "$(TARGET_NAME)";
				SWIFT_VERSION = 4.2;
				TARGETED_DEVICE_FAMILY = "1,2";
			};
			name = Debug;
		};
		8603589721AD59A200E3BD78 /* Release */ = {
			isa = XCBuildConfiguration;
			buildSettings = {
				ASSETCATALOG_COMPILER_APPICON_NAME = AppIcon;
				CODE_SIGN_STYLE = Automatic;
				DEVELOPMENT_TEAM = F3UAJ84B63;
				INFOPLIST_FILE = GITHubSearch/Info.plist;
				LD_RUNPATH_SEARCH_PATHS = (
					"$(inherited)",
					"@executable_path/Frameworks",
				);
				PRODUCT_BUNDLE_IDENTIFIER = com.Usman.GITHubSearch;
				PRODUCT_NAME = "$(TARGET_NAME)";
				SWIFT_VERSION = 4.2;
				TARGETED_DEVICE_FAMILY = "1,2";
			};
			name = Release;
		};
		8603589921AD59A200E3BD78 /* Debug */ = {
			isa = XCBuildConfiguration;
			buildSettings = {
				ALWAYS_EMBED_SWIFT_STANDARD_LIBRARIES = YES;
				BUNDLE_LOADER = "$(TEST_HOST)";
				CODE_SIGN_STYLE = Automatic;
				DEVELOPMENT_TEAM = F3UAJ84B63;
				INFOPLIST_FILE = GITHubSearchTests/Info.plist;
				LD_RUNPATH_SEARCH_PATHS = (
					"$(inherited)",
					"@executable_path/Frameworks",
					"@loader_path/Frameworks",
				);
				PRODUCT_BUNDLE_IDENTIFIER = com.Usman.GITHubSearchTests;
				PRODUCT_NAME = "$(TARGET_NAME)";
				SWIFT_VERSION = 4.2;
				TARGETED_DEVICE_FAMILY = "1,2";
				TEST_HOST = "$(BUILT_PRODUCTS_DIR)/GITHubSearch.app/GITHubSearch";
			};
			name = Debug;
		};
		8603589A21AD59A200E3BD78 /* Release */ = {
			isa = XCBuildConfiguration;
			buildSettings = {
				ALWAYS_EMBED_SWIFT_STANDARD_LIBRARIES = YES;
				BUNDLE_LOADER = "$(TEST_HOST)";
				CODE_SIGN_STYLE = Automatic;
				DEVELOPMENT_TEAM = F3UAJ84B63;
				INFOPLIST_FILE = GITHubSearchTests/Info.plist;
				LD_RUNPATH_SEARCH_PATHS = (
					"$(inherited)",
					"@executable_path/Frameworks",
					"@loader_path/Frameworks",
				);
				PRODUCT_BUNDLE_IDENTIFIER = com.Usman.GITHubSearchTests;
				PRODUCT_NAME = "$(TARGET_NAME)";
				SWIFT_VERSION = 4.2;
				TARGETED_DEVICE_FAMILY = "1,2";
				TEST_HOST = "$(BUILT_PRODUCTS_DIR)/GITHubSearch.app/GITHubSearch";
			};
			name = Release;
		};
		8603589C21AD59A200E3BD78 /* Debug */ = {
			isa = XCBuildConfiguration;
			buildSettings = {
				ALWAYS_EMBED_SWIFT_STANDARD_LIBRARIES = YES;
				CODE_SIGN_STYLE = Automatic;
				DEVELOPMENT_TEAM = F3UAJ84B63;
				INFOPLIST_FILE = GITHubSearchUITests/Info.plist;
				LD_RUNPATH_SEARCH_PATHS = (
					"$(inherited)",
					"@executable_path/Frameworks",
					"@loader_path/Frameworks",
				);
				PRODUCT_BUNDLE_IDENTIFIER = com.Usman.GITHubSearchUITests;
				PRODUCT_NAME = "$(TARGET_NAME)";
				SWIFT_VERSION = 4.2;
				TARGETED_DEVICE_FAMILY = "1,2";
				TEST_TARGET_NAME = GITHubSearch;
			};
			name = Debug;
		};
		8603589D21AD59A200E3BD78 /* Release */ = {
			isa = XCBuildConfiguration;
			buildSettings = {
				ALWAYS_EMBED_SWIFT_STANDARD_LIBRARIES = YES;
				CODE_SIGN_STYLE = Automatic;
				DEVELOPMENT_TEAM = F3UAJ84B63;
				INFOPLIST_FILE = GITHubSearchUITests/Info.plist;
				LD_RUNPATH_SEARCH_PATHS = (
					"$(inherited)",
					"@executable_path/Frameworks",
					"@loader_path/Frameworks",
				);
				PRODUCT_BUNDLE_IDENTIFIER = com.Usman.GITHubSearchUITests;
				PRODUCT_NAME = "$(TARGET_NAME)";
				SWIFT_VERSION = 4.2;
				TARGETED_DEVICE_FAMILY = "1,2";
				TEST_TARGET_NAME = GITHubSearch;
			};
			name = Release;
		};
/* End XCBuildConfiguration section */

/* Begin XCConfigurationList section */
		8603586521AD59A100E3BD78 /* Build configuration list for PBXProject "GITHubSearch" */ = {
			isa = XCConfigurationList;
			buildConfigurations = (
				8603589321AD59A200E3BD78 /* Debug */,
				8603589421AD59A200E3BD78 /* Release */,
			);
			defaultConfigurationIsVisible = 0;
			defaultConfigurationName = Release;
		};
		8603589521AD59A200E3BD78 /* Build configuration list for PBXNativeTarget "GITHubSearch" */ = {
			isa = XCConfigurationList;
			buildConfigurations = (
				8603589621AD59A200E3BD78 /* Debug */,
				8603589721AD59A200E3BD78 /* Release */,
			);
			defaultConfigurationIsVisible = 0;
			defaultConfigurationName = Release;
		};
		8603589821AD59A200E3BD78 /* Build configuration list for PBXNativeTarget "GITHubSearchTests" */ = {
			isa = XCConfigurationList;
			buildConfigurations = (
				8603589921AD59A200E3BD78 /* Debug */,
				8603589A21AD59A200E3BD78 /* Release */,
			);
			defaultConfigurationIsVisible = 0;
			defaultConfigurationName = Release;
		};
		8603589B21AD59A200E3BD78 /* Build configuration list for PBXNativeTarget "GITHubSearchUITests" */ = {
			isa = XCConfigurationList;
			buildConfigurations = (
				8603589C21AD59A200E3BD78 /* Debug */,
				8603589D21AD59A200E3BD78 /* Release */,
			);
			defaultConfigurationIsVisible = 0;
			defaultConfigurationName = Release;
		};
/* End XCConfigurationList section */

/* Begin XCVersionGroup section */
		8603587421AD59A100E3BD78 /* GITHubSearch.xcdatamodeld */ = {
			isa = XCVersionGroup;
			children = (
				8603587521AD59A100E3BD78 /* GITHubSearch.xcdatamodel */,
			);
			currentVersion = 8603587521AD59A100E3BD78 /* GITHubSearch.xcdatamodel */;
			path = GITHubSearch.xcdatamodeld;
			sourceTree = "<group>";
			versionGroupType = wrapper.xcdatamodel;
		};
/* End XCVersionGroup section */
	};
	rootObject = 8603586221AD59A100E3BD78 /* Project object */;
}
